
Microsoft Visual Studio Solution File, Format Version 12.00
# Visual Studio 15
VisualStudioVersion = 15.0.28307.271
MinimumVisualStudioVersion = 10.0.40219.1
Project("{FAE04EC0-301F-11D3-BF4B-00C04F79EFBC}") = "Promod", "Promod\Promod.csproj", "{9F057EB9-4E77-41AB-B22C-9F21F2E7C490}"
EndProject
Global
	GlobalSection(SolutionConfigurationPlatforms) = preSolution
		Debug|Any CPU = Debug|Any CPU
		Release|Any CPU = Release|Any CPU
	EndGlobalSection
	GlobalSection(ProjectConfigurationPlatforms) = postSolution
		{9F057EB9-4E77-41AB-B22C-9F21F2E7C490}.Debug|Any CPU.ActiveCfg = Debug|Any CPU
		{9F057EB9-4E77-41AB-B22C-9F21F2E7C490}.Debug|Any CPU.Build.0 = Debug|Any CPU
		{9F057EB9-4E77-41AB-B22C-9F21F2E7C490}.Release|Any CPU.ActiveCfg = Release|Any CPU
		{9F057EB9-4E77-41AB-B22C-9F21F2E7C490}.Release|Any CPU.Build.0 = Release|Any CPU
	EndGlobalSection
	GlobalSection(SolutionProperties) = preSolution
		HideSolutionNode = FALSE
	EndGlobalSection
	GlobalSection(ExtensibilityGlobals) = postSolution
		SolutionGuid = {B267D43E-7245-40EB-AC1C-083888711AE5}
	EndGlobalSection
EndGlobal
